
Microsoft Visual Studio Solution File, Format Version 12.00
# Visual Studio Version 16
VisualStudioVersion = 16.0.31729.503
MinimumVisualStudioVersion = 10.0.40219.1
Project("{FAE04EC0-301F-11D3-BF4B-00C04F79EFBC}") = "ExperimentWIthControls", "ExperimentWIthControls.csproj", "{F20819F0-8F84-41A2-91D9-9E49AC976E95}"
EndProject
Global
	GlobalSection(SolutionConfigurationPlatforms) = preSolution
		Debug|Any CPU = Debug|Any CPU
		Release|Any CPU = Release|Any CPU
	EndGlobalSection
	GlobalSection(ProjectConfigurationPlatforms) = postSolution
		{F20819F0-8F84-41A2-91D9-9E49AC976E95}.Debug|Any CPU.ActiveCfg = Debug|Any CPU
		{F20819F0-8F84-41A2-91D9-9E49AC976E95}.Debug|Any CPU.Build.0 = Debug|Any CPU
		{F20819F0-8F84-41A2-91D9-9E49AC976E95}.Release|Any CPU.ActiveCfg = Release|Any CPU
		{F20819F0-8F84-41A2-91D9-9E49AC976E95}.Release|Any CPU.Build.0 = Release|Any CPU
	EndGlobalSection
	GlobalSection(SolutionProperties) = preSolution
		HideSolutionNode = FALSE
	EndGlobalSection
	GlobalSection(ExtensibilityGlobals) = postSolution
		SolutionGuid = {42581F12-85AE-4DEB-B28E-2F81B8C25BC2}
	EndGlobalSection
EndGlobal
